
Microsoft Visual Studio Solution File, Format Version 12.00
# Visual Studio 15
VisualStudioVersion = 15.0.27428.2015
MinimumVisualStudioVersion = 10.0.40219.1
Project("{FAE04EC0-301F-11D3-BF4B-00C04F79EFBC}") = "Problem 6", "Problem 6\Problem 6.csproj", "{6E8F1BD7-F6CF-4AEE-B0FD-85C242013B95}"
EndProject
Global
	GlobalSection(SolutionConfigurationPlatforms) = preSolution
		Debug|Any CPU = Debug|Any CPU
		Release|Any CPU = Release|Any CPU
	EndGlobalSection
	GlobalSection(ProjectConfigurationPlatforms) = postSolution
		{6E8F1BD7-F6CF-4AEE-B0FD-85C242013B95}.Debug|Any CPU.ActiveCfg = Debug|Any CPU
		{6E8F1BD7-F6CF-4AEE-B0FD-85C242013B95}.Debug|Any CPU.Build.0 = Debug|Any CPU
		{6E8F1BD7-F6CF-4AEE-B0FD-85C242013B95}.Release|Any CPU.ActiveCfg = Release|Any CPU
		{6E8F1BD7-F6CF-4AEE-B0FD-85C242013B95}.Release|Any CPU.Build.0 = Release|Any CPU
	EndGlobalSection
	GlobalSection(SolutionProperties) = preSolution
		HideSolutionNode = FALSE
	EndGlobalSection
	GlobalSection(ExtensibilityGlobals) = postSolution
		SolutionGuid = {24F00575-8779-482E-B270-6A858EBED676}
	EndGlobalSection
EndGlobal
